{
  "originHash" : "ef2fca56c0ead2e3f635482c82e4e214951409322b8f3c15c08ac8fc0597e855",
  "pins" : [
    {
      "identity" : "swiftbaseball",
      "kind" : "remoteSourceControl",
      "location" : "https://github.com/josephskelly/SwiftBaseball.git",
      "state" : {
        "branch" : "main",
        "revision" : "676a0772e9be2250eda0616784ee597ea4a7630c"
      }
    }
  ],
  "version" : 3
}
